
Microsoft Visual Studio Solution File, Format Version 12.00
# Visual Studio Version 17
VisualStudioVersion = 17.11.35312.102
MinimumVisualStudioVersion = 10.0.40219.1
Project("{FAE04EC0-301F-11D3-BF4B-00C04F79EFBC}") = "BuildMasterPro", "BuildMasterPro.csproj", "{A17D39D3-B336-4BD8-8977-9930C65ADDB2}"
EndProject
Global
	GlobalSection(SolutionConfigurationPlatforms) = preSolution
		Debug|Any CPU = Debug|Any CPU
		Release|Any CPU = Release|Any CPU
	EndGlobalSection
	GlobalSection(ProjectConfigurationPlatforms) = postSolution
		{A17D39D3-B336-4BD8-8977-9930C65ADDB2}.Debug|Any CPU.ActiveCfg = Debug|Any CPU
		{A17D39D3-B336-4BD8-8977-9930C65ADDB2}.Debug|Any CPU.Build.0 = Debug|Any CPU
		{A17D39D3-B336-4BD8-8977-9930C65ADDB2}.Release|Any CPU.ActiveCfg = Release|Any CPU
		{A17D39D3-B336-4BD8-8977-9930C65ADDB2}.Release|Any CPU.Build.0 = Release|Any CPU
	EndGlobalSection
	GlobalSection(SolutionProperties) = preSolution
		HideSolutionNode = FALSE
	EndGlobalSection
	GlobalSection(ExtensibilityGlobals) = postSolution
		SolutionGuid = {D183EFC4-80E9-4761-BA36-9390C3B92859}
	EndGlobalSection
EndGlobal
